PODS:
  - SwiftHamcrest (0.3)
  - SwiftString (0.5.1)

DEPENDENCIES:
  - SwiftHamcrest
  - SwiftString (from `../`)

EXTERNAL SOURCES:
  SwiftString:
    :path: "../"

SPEC CHECKSUMS:
  SwiftHamcrest: 652d2e197df0957b532f1c66a9112bc809030965
  SwiftString: 55c189fc54f3f5e3030a355155be47c41852bcc6

PODFILE CHECKSUM: beb17e7b45bae824f7ac6b8fe7ae5ec34ab8d34c

COCOAPODS: 1.0.1
