PODS:
  - SwiftHamcrest (0.3)
  - SwiftString (0.1)

DEPENDENCIES:
  - SwiftHamcrest
  - SwiftString (from `../`)

EXTERNAL SOURCES:
  SwiftString:
    :path: "../"

SPEC CHECKSUMS:
  SwiftHamcrest: 652d2e197df0957b532f1c66a9112bc809030965
  SwiftString: 0a32494e59f63c337ad0b2b5fa8cdba5c536484a

COCOAPODS: 0.39.0
